
Microsoft Visual Studio Solution File, Format Version 12.00
# Visual Studio 14
VisualStudioVersion = 14.0.24720.0
MinimumVisualStudioVersion = 10.0.40219.1
Project("{FAE04EC0-301F-11D3-BF4B-00C04F79EFBC}") = "GrovePi", "Projects\GrovePi\GrovePi.csproj", "{D60B6F7E-C256-4BB4-B358-5D355BF41061}"
EndProject
Project("{FAE04EC0-301F-11D3-BF4B-00C04F79EFBC}") = "Yodiwo.API.Plegma", "APIs\Plegma\Yodiwo.API.Plegma.csproj", "{94F4CE90-200F-40CE-BF83-E15D147924F7}"
EndProject
Project("{FAE04EC0-301F-11D3-BF4B-00C04F79EFBC}") = "YodiwoSharp", "YodiwoSharp\YodiwoSharp.csproj", "{8AE66ABD-D963-4E83-83A3-330156CD37A3}"
EndProject
Project("{FAE04EC0-301F-11D3-BF4B-00C04F79EFBC}") = "Yodiwo.NodeLibrary", "NodeLibrary\Yodiwo.NodeLibrary\Yodiwo.NodeLibrary.csproj", "{8F830F7A-0A96-4329-847C-06B0A84BA4C4}"
EndProject
Project("{FAE04EC0-301F-11D3-BF4B-00C04F79EFBC}") = "Yodiwo.API.Plegma.Code", "APIs\Yodiwo.API.Plegma.Code\Yodiwo.API.Plegma.Code.csproj", "{A753ABD7-A52D-4905-8137-A8772C448CBD}"
EndProject
Project("{FAE04EC0-301F-11D3-BF4B-00C04F79EFBC}") = "Yodiwo.YPChannel", "Yodiwo.YPChannel\Yodiwo.YPChannel.csproj", "{536FAA15-E738-445E-A2D8-EF989ACB2C7F}"
EndProject
Project("{FAE04EC0-301F-11D3-BF4B-00C04F79EFBC}") = "Yodiwo.Node.Pairing.NancyPairing", "NodeLibrary\Yodiwo.Node.Pairing.NancyPairing\Yodiwo.Node.Pairing.NancyPairing.csproj", "{8CCD87B9-D3AF-4CFF-80DE-BC7CAC1B6E43}"
EndProject
Project("{FAE04EC0-301F-11D3-BF4B-00C04F79EFBC}") = "Yodiwo.NodeLibrary.Graphs", "NodeLibrary\NodeLibrary.Graphs\Yodiwo.NodeLibrary.Graphs.csproj", "{038A37CA-F251-400B-8003-7EEAED77348C}"
EndProject
Project("{2150E333-8FDC-42A3-9474-1A3956D46DE8}") = "APIs", "APIs", "{6CC708D4-F6F8-4A09-A19B-57ECD24C05E9}"
EndProject
Project("{2150E333-8FDC-42A3-9474-1A3956D46DE8}") = "Helpers", "Helpers", "{4D55783C-9519-47EE-A886-0D63D2A4F0C8}"
EndProject
Project("{2150E333-8FDC-42A3-9474-1A3956D46DE8}") = "NodeLib", "NodeLib", "{FDB10CB0-0058-4178-BF80-67CBB2F60187}"
EndProject
Global
	GlobalSection(SolutionConfigurationPlatforms) = preSolution
		Debug|Any CPU = Debug|Any CPU
		Release|Any CPU = Release|Any CPU
	EndGlobalSection
	GlobalSection(ProjectConfigurationPlatforms) = postSolution
		{D60B6F7E-C256-4BB4-B358-5D355BF41061}.Debug|Any CPU.ActiveCfg = Debug|Any CPU
		{D60B6F7E-C256-4BB4-B358-5D355BF41061}.Debug|Any CPU.Build.0 = Debug|Any CPU
		{D60B6F7E-C256-4BB4-B358-5D355BF41061}.Release|Any CPU.ActiveCfg = Release|Any CPU
		{D60B6F7E-C256-4BB4-B358-5D355BF41061}.Release|Any CPU.Build.0 = Release|Any CPU
		{94F4CE90-200F-40CE-BF83-E15D147924F7}.Debug|Any CPU.ActiveCfg = Debug|Any CPU
		{94F4CE90-200F-40CE-BF83-E15D147924F7}.Debug|Any CPU.Build.0 = Debug|Any CPU
		{94F4CE90-200F-40CE-BF83-E15D147924F7}.Release|Any CPU.ActiveCfg = Release|Any CPU
		{94F4CE90-200F-40CE-BF83-E15D147924F7}.Release|Any CPU.Build.0 = Release|Any CPU
		{8AE66ABD-D963-4E83-83A3-330156CD37A3}.Debug|Any CPU.ActiveCfg = Debug|Any CPU
		{8AE66ABD-D963-4E83-83A3-330156CD37A3}.Debug|Any CPU.Build.0 = Debug|Any CPU
		{8AE66ABD-D963-4E83-83A3-330156CD37A3}.Release|Any CPU.ActiveCfg = Release|Any CPU
		{8AE66ABD-D963-4E83-83A3-330156CD37A3}.Release|Any CPU.Build.0 = Release|Any CPU
		{8F830F7A-0A96-4329-847C-06B0A84BA4C4}.Debug|Any CPU.ActiveCfg = Debug|Any CPU
		{8F830F7A-0A96-4329-847C-06B0A84BA4C4}.Debug|Any CPU.Build.0 = Debug|Any CPU
		{8F830F7A-0A96-4329-847C-06B0A84BA4C4}.Release|Any CPU.ActiveCfg = Release|Any CPU
		{8F830F7A-0A96-4329-847C-06B0A84BA4C4}.Release|Any CPU.Build.0 = Release|Any CPU
		{A753ABD7-A52D-4905-8137-A8772C448CBD}.Debug|Any CPU.ActiveCfg = Debug|Any CPU
		{A753ABD7-A52D-4905-8137-A8772C448CBD}.Debug|Any CPU.Build.0 = Debug|Any CPU
		{A753ABD7-A52D-4905-8137-A8772C448CBD}.Release|Any CPU.ActiveCfg = Release|Any CPU
		{A753ABD7-A52D-4905-8137-A8772C448CBD}.Release|Any CPU.Build.0 = Release|Any CPU
		{536FAA15-E738-445E-A2D8-EF989ACB2C7F}.Debug|Any CPU.ActiveCfg = Debug|Any CPU
		{536FAA15-E738-445E-A2D8-EF989ACB2C7F}.Debug|Any CPU.Build.0 = Debug|Any CPU
		{536FAA15-E738-445E-A2D8-EF989ACB2C7F}.Release|Any CPU.ActiveCfg = Release|Any CPU
		{536FAA15-E738-445E-A2D8-EF989ACB2C7F}.Release|Any CPU.Build.0 = Release|Any CPU
		{8CCD87B9-D3AF-4CFF-80DE-BC7CAC1B6E43}.Debug|Any CPU.ActiveCfg = Debug|Any CPU
		{8CCD87B9-D3AF-4CFF-80DE-BC7CAC1B6E43}.Debug|Any CPU.Build.0 = Debug|Any CPU
		{8CCD87B9-D3AF-4CFF-80DE-BC7CAC1B6E43}.Release|Any CPU.ActiveCfg = Release|Any CPU
		{8CCD87B9-D3AF-4CFF-80DE-BC7CAC1B6E43}.Release|Any CPU.Build.0 = Release|Any CPU
		{038A37CA-F251-400B-8003-7EEAED77348C}.Debug|Any CPU.ActiveCfg = Debug|Any CPU
		{038A37CA-F251-400B-8003-7EEAED77348C}.Debug|Any CPU.Build.0 = Debug|Any CPU
		{038A37CA-F251-400B-8003-7EEAED77348C}.Release|Any CPU.ActiveCfg = Release|Any CPU
		{038A37CA-F251-400B-8003-7EEAED77348C}.Release|Any CPU.Build.0 = Release|Any CPU
	EndGlobalSection
	GlobalSection(SolutionProperties) = preSolution
		HideSolutionNode = FALSE
	EndGlobalSection
	GlobalSection(NestedProjects) = preSolution
		{94F4CE90-200F-40CE-BF83-E15D147924F7} = {6CC708D4-F6F8-4A09-A19B-57ECD24C05E9}
		{8AE66ABD-D963-4E83-83A3-330156CD37A3} = {4D55783C-9519-47EE-A886-0D63D2A4F0C8}
		{8F830F7A-0A96-4329-847C-06B0A84BA4C4} = {FDB10CB0-0058-4178-BF80-67CBB2F60187}
		{A753ABD7-A52D-4905-8137-A8772C448CBD} = {6CC708D4-F6F8-4A09-A19B-57ECD24C05E9}
		{536FAA15-E738-445E-A2D8-EF989ACB2C7F} = {4D55783C-9519-47EE-A886-0D63D2A4F0C8}
		{8CCD87B9-D3AF-4CFF-80DE-BC7CAC1B6E43} = {FDB10CB0-0058-4178-BF80-67CBB2F60187}
		{038A37CA-F251-400B-8003-7EEAED77348C} = {FDB10CB0-0058-4178-BF80-67CBB2F60187}
	EndGlobalSection
EndGlobal
