
Microsoft Visual Studio Solution File, Format Version 12.00
# Visual Studio 2013
VisualStudioVersion = 12.0.31101.0
MinimumVisualStudioVersion = 10.0.40219.1
Project("{FAE04EC0-301F-11D3-BF4B-00C04F79EFBC}") = "YodiwoSharp", "YodiwoSharp\YodiwoSharp.csproj", "{8AE66ABD-D963-4E83-83A3-330156CD37A3}"
EndProject
Project("{FAE04EC0-301F-11D3-BF4B-00C04F79EFBC}") = "PlaygroundConsole", "PlaygroundConsole\PlaygroundConsole.csproj", "{2F027A6F-59BB-4ABF-B8FA-9E2E05A69801}"
EndProject
Global
	GlobalSection(SolutionConfigurationPlatforms) = preSolution
		Debug|Any CPU = Debug|Any CPU
		Release|Any CPU = Release|Any CPU
	EndGlobalSection
	GlobalSection(ProjectConfigurationPlatforms) = postSolution
		{8AE66ABD-D963-4E83-83A3-330156CD37A3}.Debug|Any CPU.ActiveCfg = Debug|Any CPU
		{8AE66ABD-D963-4E83-83A3-330156CD37A3}.Debug|Any CPU.Build.0 = Debug|Any CPU
		{8AE66ABD-D963-4E83-83A3-330156CD37A3}.Release|Any CPU.ActiveCfg = Release|Any CPU
		{8AE66ABD-D963-4E83-83A3-330156CD37A3}.Release|Any CPU.Build.0 = Release|Any CPU
		{2F027A6F-59BB-4ABF-B8FA-9E2E05A69801}.Debug|Any CPU.ActiveCfg = Debug|Any CPU
		{2F027A6F-59BB-4ABF-B8FA-9E2E05A69801}.Debug|Any CPU.Build.0 = Debug|Any CPU
		{2F027A6F-59BB-4ABF-B8FA-9E2E05A69801}.Release|Any CPU.ActiveCfg = Release|Any CPU
		{2F027A6F-59BB-4ABF-B8FA-9E2E05A69801}.Release|Any CPU.Build.0 = Release|Any CPU
	EndGlobalSection
	GlobalSection(SolutionProperties) = preSolution
		HideSolutionNode = FALSE
	EndGlobalSection
EndGlobal
