// !$*UTF8*$!
{
	archiveVersion = 1;
	classes = {
	};
	objectVersion = 46;
	objects = {

/* Begin PBXBuildFile section */
		31052B165A159F9493144F79 /* libPods-YodiwoNode.a in Frameworks */ = {isa = PBXBuildFile; fileRef = 3619AFE9402CF79CB9F903E3 /* libPods-YodiwoNode.a */; };
		7932E9A71B742F7700697018 /* PlegmaApi.m in Sources */ = {isa = PBXBuildFile; fileRef = 7932E9A61B742F7700697018 /* PlegmaApi.m */; };
		7932E9AA1B76AC1000697018 /* LocationManagerModule.m in Sources */ = {isa = PBXBuildFile; fileRef = 7932E9A91B76AC1000697018 /* LocationManagerModule.m */; };
		7932E9AD1B777D4200697018 /* Beacon.m in Sources */ = {isa = PBXBuildFile; fileRef = 7932E9AC1B777D4200697018 /* Beacon.m */; };
		795299281B6B8FB30065CAEC /* NodeThingsViewController.m in Sources */ = {isa = PBXBuildFile; fileRef = 795299271B6B8FB20065CAEC /* NodeThingsViewController.m */; };
		7952992F1B6D78C30065CAEC /* Thing.m in Sources */ = {isa = PBXBuildFile; fileRef = 7952992E1B6D78C30065CAEC /* Thing.m */; };
		795299321B6D7D5B0065CAEC /* Public.m in Sources */ = {isa = PBXBuildFile; fileRef = 795299311B6D7D5B0065CAEC /* Public.m */; };
		795299351B6D7E140065CAEC /* Port.m in Sources */ = {isa = PBXBuildFile; fileRef = 795299341B6D7E140065CAEC /* Port.m */; };
		795299381B6E2ABB0065CAEC /* Keys.m in Sources */ = {isa = PBXBuildFile; fileRef = 795299371B6E2ABB0065CAEC /* Keys.m */; };
		7963DBF41B6541DA00FDC59D /* NodePairingViewController.m in Sources */ = {isa = PBXBuildFile; fileRef = 7963DBF31B6541DA00FDC59D /* NodePairingViewController.m */; };
		7963DBF71B661D7900FDC59D /* YABPairingNodeGetKeysRequest.m in Sources */ = {isa = PBXBuildFile; fileRef = 7963DBF61B661D7900FDC59D /* YABPairingNodeGetKeysRequest.m */; };
		7963DBFA1B661DB000FDC59D /* YABPairingNodeResponsePhase1.m in Sources */ = {isa = PBXBuildFile; fileRef = 7963DBF91B661DB000FDC59D /* YABPairingNodeResponsePhase1.m */; };
		7963DBFD1B661DD400FDC59D /* YABPairingServerResponseTokens.m in Sources */ = {isa = PBXBuildFile; fileRef = 7963DBFC1B661DD400FDC59D /* YABPairingServerResponseTokens.m */; };
		7963DC001B661E0600FDC59D /* YABPairingServerResponseKeys.m in Sources */ = {isa = PBXBuildFile; fileRef = 7963DBFF1B661E0600FDC59D /* YABPairingServerResponseKeys.m */; };
		7963DC041B66461100FDC59D /* NodePairingService.m in Sources */ = {isa = PBXBuildFile; fileRef = 7963DC031B66461100FDC59D /* NodePairingService.m */; };
		7963DC081B667D5E00FDC59D /* SettingsVault.m in Sources */ = {isa = PBXBuildFile; fileRef = 7963DC071B667D5E00FDC59D /* SettingsVault.m */; };
		796970DA1B9585EF00F70C7A /* Mqtt.m in Sources */ = {isa = PBXBuildFile; fileRef = 796970D91B9585EF00F70C7A /* Mqtt.m */; };
		797BF7131B6F987A008F2887 /* NodeController.m in Sources */ = {isa = PBXBuildFile; fileRef = 797BF7121B6F987A008F2887 /* NodeController.m */; };
		797BF7181B723585008F2887 /* NodeThingsRegistry.m in Sources */ = {isa = PBXBuildFile; fileRef = 797BF7171B723585008F2887 /* NodeThingsRegistry.m */; };
		799A0A9A1B7B3FEA00445F21 /* MapKit.framework in Frameworks */ = {isa = PBXBuildFile; fileRef = 799A0A991B7B3FEA00445F21 /* MapKit.framework */; };
		799A0A9D1B7C16EA00445F21 /* MotionManagerModule.m in Sources */ = {isa = PBXBuildFile; fileRef = 799A0A9C1B7C16EA00445F21 /* MotionManagerModule.m */; };
		79BF62331B626D4000057140 /* Settings.bundle in Resources */ = {isa = PBXBuildFile; fileRef = 79BF62321B626D4000057140 /* Settings.bundle */; };
		79BF62391B6273FB00057140 /* YABPairingNodeGetTokensRequest.m in Sources */ = {isa = PBXBuildFile; fileRef = 79BF62381B6273FB00057140 /* YABPairingNodeGetTokensRequest.m */; };
		79DBC8251B6A62640027B009 /* MqttClient.m in Sources */ = {isa = PBXBuildFile; fileRef = 79DBC8241B6A62640027B009 /* MqttClient.m */; };
		79DDAC9C1B619A03007AF94E /* main.m in Sources */ = {isa = PBXBuildFile; fileRef = 79DDAC9B1B619A03007AF94E /* main.m */; };
		79DDAC9F1B619A03007AF94E /* AppDelegate.m in Sources */ = {isa = PBXBuildFile; fileRef = 79DDAC9E1B619A03007AF94E /* AppDelegate.m */; };
		79DDACA51B619A03007AF94E /* Main.storyboard in Resources */ = {isa = PBXBuildFile; fileRef = 79DDACA31B619A03007AF94E /* Main.storyboard */; };
		79DDACA71B619A03007AF94E /* Images.xcassets in Resources */ = {isa = PBXBuildFile; fileRef = 79DDACA61B619A03007AF94E /* Images.xcassets */; };
		79DDACAA1B619A03007AF94E /* LaunchScreen.xib in Resources */ = {isa = PBXBuildFile; fileRef = 79DDACA81B619A03007AF94E /* LaunchScreen.xib */; };
		79DDACB61B619A03007AF94E /* YodiwoNodeTests.m in Sources */ = {isa = PBXBuildFile; fileRef = 79DDACB51B619A03007AF94E /* YodiwoNodeTests.m */; };
/* End PBXBuildFile section */

/* Begin PBXContainerItemProxy section */
		79DDACB01B619A03007AF94E /* PBXContainerItemProxy */ = {
			isa = PBXContainerItemProxy;
			containerPortal = 79DDAC8E1B619A03007AF94E /* Project object */;
			proxyType = 1;
			remoteGlobalIDString = 79DDAC951B619A03007AF94E;
			remoteInfo = YodiwoNode;
		};
/* End PBXContainerItemProxy section */

/* Begin PBXFileReference section */
		11CA6D3E941E0B309870317F /* Pods-YodiwoNode.debug.xcconfig */ = {isa = PBXFileReference; includeInIndex = 1; lastKnownFileType = text.xcconfig; name = "Pods-YodiwoNode.debug.xcconfig"; path = "Pods/Target Support Files/Pods-YodiwoNode/Pods-YodiwoNode.debug.xcconfig"; sourceTree = "<group>"; };
		3619AFE9402CF79CB9F903E3 /* libPods-YodiwoNode.a */ = {isa = PBXFileReference; explicitFileType = archive.ar; includeInIndex = 0; path = "libPods-YodiwoNode.a"; sourceTree = BUILT_PRODUCTS_DIR; };
		7932E9A51B742F7700697018 /* PlegmaApi.h */ = {isa = PBXFileReference; fileEncoding = 4; lastKnownFileType = sourcecode.c.h; path = PlegmaApi.h; sourceTree = "<group>"; };
		7932E9A61B742F7700697018 /* PlegmaApi.m */ = {isa = PBXFileReference; fileEncoding = 4; lastKnownFileType = sourcecode.c.objc; path = PlegmaApi.m; sourceTree = "<group>"; };
		7932E9A81B76AC1000697018 /* LocationManagerModule.h */ = {isa = PBXFileReference; fileEncoding = 4; lastKnownFileType = sourcecode.c.h; path = LocationManagerModule.h; sourceTree = "<group>"; };
		7932E9A91B76AC1000697018 /* LocationManagerModule.m */ = {isa = PBXFileReference; fileEncoding = 4; lastKnownFileType = sourcecode.c.objc; path = LocationManagerModule.m; sourceTree = "<group>"; };
		7932E9AB1B777D4200697018 /* Beacon.h */ = {isa = PBXFileReference; fileEncoding = 4; lastKnownFileType = sourcecode.c.h; path = Beacon.h; sourceTree = "<group>"; };
		7932E9AC1B777D4200697018 /* Beacon.m */ = {isa = PBXFileReference; fileEncoding = 4; lastKnownFileType = sourcecode.c.objc; path = Beacon.m; sourceTree = "<group>"; };
		795299261B6B8FB20065CAEC /* NodeThingsViewController.h */ = {isa = PBXFileReference; fileEncoding = 4; lastKnownFileType = sourcecode.c.h; path = NodeThingsViewController.h; sourceTree = "<group>"; };
		795299271B6B8FB20065CAEC /* NodeThingsViewController.m */ = {isa = PBXFileReference; fileEncoding = 4; lastKnownFileType = sourcecode.c.objc; path = NodeThingsViewController.m; sourceTree = "<group>"; };
		7952992D1B6D78C30065CAEC /* Thing.h */ = {isa = PBXFileReference; fileEncoding = 4; lastKnownFileType = sourcecode.c.h; path = Thing.h; sourceTree = "<group>"; };
		7952992E1B6D78C30065CAEC /* Thing.m */ = {isa = PBXFileReference; fileEncoding = 4; lastKnownFileType = sourcecode.c.objc; path = Thing.m; sourceTree = "<group>"; };
		795299301B6D7D5B0065CAEC /* Public.h */ = {isa = PBXFileReference; fileEncoding = 4; lastKnownFileType = sourcecode.c.h; path = Public.h; sourceTree = "<group>"; };
		795299311B6D7D5B0065CAEC /* Public.m */ = {isa = PBXFileReference; fileEncoding = 4; lastKnownFileType = sourcecode.c.objc; path = Public.m; sourceTree = "<group>"; };
		795299331B6D7E140065CAEC /* Port.h */ = {isa = PBXFileReference; fileEncoding = 4; lastKnownFileType = sourcecode.c.h; path = Port.h; sourceTree = "<group>"; };
		795299341B6D7E140065CAEC /* Port.m */ = {isa = PBXFileReference; fileEncoding = 4; lastKnownFileType = sourcecode.c.objc; path = Port.m; sourceTree = "<group>"; };
		795299361B6E2ABB0065CAEC /* Keys.h */ = {isa = PBXFileReference; fileEncoding = 4; lastKnownFileType = sourcecode.c.h; path = Keys.h; sourceTree = "<group>"; };
		795299371B6E2ABB0065CAEC /* Keys.m */ = {isa = PBXFileReference; fileEncoding = 4; lastKnownFileType = sourcecode.c.objc; path = Keys.m; sourceTree = "<group>"; };
		795299391B6E32560065CAEC /* YodiwoApi.h */ = {isa = PBXFileReference; lastKnownFileType = sourcecode.c.h; path = YodiwoApi.h; sourceTree = "<group>"; };
		7963DBF21B6541DA00FDC59D /* NodePairingViewController.h */ = {isa = PBXFileReference; fileEncoding = 4; lastKnownFileType = sourcecode.c.h; path = NodePairingViewController.h; sourceTree = "<group>"; };
		7963DBF31B6541DA00FDC59D /* NodePairingViewController.m */ = {isa = PBXFileReference; fileEncoding = 4; lastKnownFileType = sourcecode.c.objc; path = NodePairingViewController.m; sourceTree = "<group>"; };
		7963DBF51B661D7900FDC59D /* YABPairingNodeGetKeysRequest.h */ = {isa = PBXFileReference; fileEncoding = 4; lastKnownFileType = sourcecode.c.h; path = YABPairingNodeGetKeysRequest.h; sourceTree = "<group>"; };
		7963DBF61B661D7900FDC59D /* YABPairingNodeGetKeysRequest.m */ = {isa = PBXFileReference; fileEncoding = 4; lastKnownFileType = sourcecode.c.objc; path = YABPairingNodeGetKeysRequest.m; sourceTree = "<group>"; };
		7963DBF81B661DB000FDC59D /* YABPairingNodeResponsePhase1.h */ = {isa = PBXFileReference; fileEncoding = 4; lastKnownFileType = sourcecode.c.h; path = YABPairingNodeResponsePhase1.h; sourceTree = "<group>"; };
		7963DBF91B661DB000FDC59D /* YABPairingNodeResponsePhase1.m */ = {isa = PBXFileReference; fileEncoding = 4; lastKnownFileType = sourcecode.c.objc; path = YABPairingNodeResponsePhase1.m; sourceTree = "<group>"; };
		7963DBFB1B661DD400FDC59D /* YABPairingServerResponseTokens.h */ = {isa = PBXFileReference; fileEncoding = 4; lastKnownFileType = sourcecode.c.h; path = YABPairingServerResponseTokens.h; sourceTree = "<group>"; };
		7963DBFC1B661DD400FDC59D /* YABPairingServerResponseTokens.m */ = {isa = PBXFileReference; fileEncoding = 4; lastKnownFileType = sourcecode.c.objc; path = YABPairingServerResponseTokens.m; sourceTree = "<group>"; };
		7963DBFE1B661E0600FDC59D /* YABPairingServerResponseKeys.h */ = {isa = PBXFileReference; fileEncoding = 4; lastKnownFileType = sourcecode.c.h; path = YABPairingServerResponseKeys.h; sourceTree = "<group>"; };
		7963DBFF1B661E0600FDC59D /* YABPairingServerResponseKeys.m */ = {isa = PBXFileReference; fileEncoding = 4; lastKnownFileType = sourcecode.c.objc; path = YABPairingServerResponseKeys.m; sourceTree = "<group>"; };
		7963DC011B6620E100FDC59D /* YABPairingStates.h */ = {isa = PBXFileReference; lastKnownFileType = sourcecode.c.h; path = YABPairingStates.h; sourceTree = "<group>"; };
		7963DC021B66461100FDC59D /* NodePairingService.h */ = {isa = PBXFileReference; fileEncoding = 4; lastKnownFileType = sourcecode.c.h; path = NodePairingService.h; sourceTree = "<group>"; };
		7963DC031B66461100FDC59D /* NodePairingService.m */ = {isa = PBXFileReference; fileEncoding = 4; lastKnownFileType = sourcecode.c.objc; path = NodePairingService.m; sourceTree = "<group>"; };
		7963DC051B665B9800FDC59D /* YABNodePairing.h */ = {isa = PBXFileReference; lastKnownFileType = sourcecode.c.h; path = YABNodePairing.h; sourceTree = "<group>"; };
		7963DC061B667D5E00FDC59D /* SettingsVault.h */ = {isa = PBXFileReference; fileEncoding = 4; lastKnownFileType = sourcecode.c.h; path = SettingsVault.h; sourceTree = "<group>"; };
		7963DC071B667D5E00FDC59D /* SettingsVault.m */ = {isa = PBXFileReference; fileEncoding = 4; lastKnownFileType = sourcecode.c.objc; path = SettingsVault.m; sourceTree = "<group>"; };
		796970D81B9585EF00F70C7A /* Mqtt.h */ = {isa = PBXFileReference; fileEncoding = 4; lastKnownFileType = sourcecode.c.h; path = Mqtt.h; sourceTree = "<group>"; };
		796970D91B9585EF00F70C7A /* Mqtt.m */ = {isa = PBXFileReference; fileEncoding = 4; lastKnownFileType = sourcecode.c.objc; path = Mqtt.m; sourceTree = "<group>"; };
		797BF7111B6F987A008F2887 /* NodeController.h */ = {isa = PBXFileReference; fileEncoding = 4; lastKnownFileType = sourcecode.c.h; path = NodeController.h; sourceTree = "<group>"; };
		797BF7121B6F987A008F2887 /* NodeController.m */ = {isa = PBXFileReference; fileEncoding = 4; lastKnownFileType = sourcecode.c.objc; path = NodeController.m; sourceTree = "<group>"; };
		797BF7161B723585008F2887 /* NodeThingsRegistry.h */ = {isa = PBXFileReference; fileEncoding = 4; lastKnownFileType = sourcecode.c.h; path = NodeThingsRegistry.h; sourceTree = "<group>"; };
		797BF7171B723585008F2887 /* NodeThingsRegistry.m */ = {isa = PBXFileReference; fileEncoding = 4; lastKnownFileType = sourcecode.c.objc; path = NodeThingsRegistry.m; sourceTree = "<group>"; };
		799A0A991B7B3FEA00445F21 /* MapKit.framework */ = {isa = PBXFileReference; lastKnownFileType = wrapper.framework; name = MapKit.framework; path = System/Library/Frameworks/MapKit.framework; sourceTree = SDKROOT; };
		799A0A9B1B7C16EA00445F21 /* MotionManagerModule.h */ = {isa = PBXFileReference; fileEncoding = 4; lastKnownFileType = sourcecode.c.h; path = MotionManagerModule.h; sourceTree = "<group>"; };
		799A0A9C1B7C16EA00445F21 /* MotionManagerModule.m */ = {isa = PBXFileReference; fileEncoding = 4; lastKnownFileType = sourcecode.c.objc; path = MotionManagerModule.m; sourceTree = "<group>"; };
		79BF62321B626D4000057140 /* Settings.bundle */ = {isa = PBXFileReference; lastKnownFileType = "wrapper.plug-in"; path = Settings.bundle; sourceTree = "<group>"; };
		79BF62371B6273FB00057140 /* YABPairingNodeGetTokensRequest.h */ = {isa = PBXFileReference; fileEncoding = 4; lastKnownFileType = sourcecode.c.h; path = YABPairingNodeGetTokensRequest.h; sourceTree = "<group>"; };
		79BF62381B6273FB00057140 /* YABPairingNodeGetTokensRequest.m */ = {isa = PBXFileReference; fileEncoding = 4; lastKnownFileType = sourcecode.c.objc; path = YABPairingNodeGetTokensRequest.m; sourceTree = "<group>"; };
		79DBC8231B6A62640027B009 /* MqttClient.h */ = {isa = PBXFileReference; fileEncoding = 4; lastKnownFileType = sourcecode.c.h; path = MqttClient.h; sourceTree = "<group>"; };
		79DBC8241B6A62640027B009 /* MqttClient.m */ = {isa = PBXFileReference; fileEncoding = 4; lastKnownFileType = sourcecode.c.objc; path = MqttClient.m; sourceTree = "<group>"; };
		79DDAC961B619A03007AF94E /* YodiwoHub.app */ = {isa = PBXFileReference; explicitFileType = wrapper.application; includeInIndex = 0; path = YodiwoHub.app; sourceTree = BUILT_PRODUCTS_DIR; };
		79DDAC9A1B619A03007AF94E /* Info.plist */ = {isa = PBXFileReference; lastKnownFileType = text.plist.xml; path = Info.plist; sourceTree = "<group>"; };
		79DDAC9B1B619A03007AF94E /* main.m */ = {isa = PBXFileReference; lastKnownFileType = sourcecode.c.objc; path = main.m; sourceTree = "<group>"; };
		79DDAC9D1B619A03007AF94E /* AppDelegate.h */ = {isa = PBXFileReference; lastKnownFileType = sourcecode.c.h; path = AppDelegate.h; sourceTree = "<group>"; };
		79DDAC9E1B619A03007AF94E /* AppDelegate.m */ = {isa = PBXFileReference; lastKnownFileType = sourcecode.c.objc; path = AppDelegate.m; sourceTree = "<group>"; };
		79DDACA41B619A03007AF94E /* Base */ = {isa = PBXFileReference; lastKnownFileType = file.storyboard; name = Base; path = Base.lproj/Main.storyboard; sourceTree = "<group>"; };
		79DDACA61B619A03007AF94E /* Images.xcassets */ = {isa = PBXFileReference; lastKnownFileType = folder.assetcatalog; path = Images.xcassets; sourceTree = "<group>"; };
		79DDACA91B619A03007AF94E /* Base */ = {isa = PBXFileReference; lastKnownFileType = file.xib; name = Base; path = Base.lproj/LaunchScreen.xib; sourceTree = "<group>"; };
		79DDACAF1B619A03007AF94E /* YodiwoHubTests.xctest */ = {isa = PBXFileReference; explicitFileType = wrapper.cfbundle; includeInIndex = 0; path = YodiwoHubTests.xctest; sourceTree = BUILT_PRODUCTS_DIR; };
		79DDACB41B619A03007AF94E /* Info.plist */ = {isa = PBXFileReference; lastKnownFileType = text.plist.xml; path = Info.plist; sourceTree = "<group>"; };
		79DDACB51B619A03007AF94E /* YodiwoNodeTests.m */ = {isa = PBXFileReference; lastKnownFileType = sourcecode.c.objc; path = YodiwoNodeTests.m; sourceTree = "<group>"; };
		C222B611F10FD8A3DD1E687E /* Pods-YodiwoNode.release.xcconfig */ = {isa = PBXFileReference; includeInIndex = 1; lastKnownFileType = text.xcconfig; name = "Pods-YodiwoNode.release.xcconfig"; path = "Pods/Target Support Files/Pods-YodiwoNode/Pods-YodiwoNode.release.xcconfig"; sourceTree = "<group>"; };
/* End PBXFileReference section */

/* Begin PBXFrameworksBuildPhase section */
		79DDAC931B619A03007AF94E /* Frameworks */ = {
			isa = PBXFrameworksBuildPhase;
			buildActionMask = 2147483647;
			files = (
				799A0A9A1B7B3FEA00445F21 /* MapKit.framework in Frameworks */,
				31052B165A159F9493144F79 /* libPods-YodiwoNode.a in Frameworks */,
			);
			runOnlyForDeploymentPostprocessing = 0;
		};
		79DDACAC1B619A03007AF94E /* Frameworks */ = {
			isa = PBXFrameworksBuildPhase;
			buildActionMask = 2147483647;
			files = (
			);
			runOnlyForDeploymentPostprocessing = 0;
		};
/* End PBXFrameworksBuildPhase section */

/* Begin PBXGroup section */
		795299291B6BD7230065CAEC /* Controller */ = {
			isa = PBXGroup;
			children = (
				7963DBF21B6541DA00FDC59D /* NodePairingViewController.h */,
				7963DBF31B6541DA00FDC59D /* NodePairingViewController.m */,
				795299261B6B8FB20065CAEC /* NodeThingsViewController.h */,
				795299271B6B8FB20065CAEC /* NodeThingsViewController.m */,
			);
			name = Controller;
			sourceTree = "<group>";
		};
		797BF7141B720430008F2887 /* View */ = {
			isa = PBXGroup;
			children = (
				79DDACA31B619A03007AF94E /* Main.storyboard */,
				79DDACA81B619A03007AF94E /* LaunchScreen.xib */,
				79DDACA61B619A03007AF94E /* Images.xcassets */,
			);
			name = View;
			sourceTree = "<group>";
		};
		797BF7151B720F45008F2887 /* Services */ = {
			isa = PBXGroup;
			children = (
				797BF7111B6F987A008F2887 /* NodeController.h */,
				797BF7121B6F987A008F2887 /* NodeController.m */,
				7963DC021B66461100FDC59D /* NodePairingService.h */,
				7963DC031B66461100FDC59D /* NodePairingService.m */,
				79DBC8231B6A62640027B009 /* MqttClient.h */,
				79DBC8241B6A62640027B009 /* MqttClient.m */,
				7932E9A81B76AC1000697018 /* LocationManagerModule.h */,
				7932E9A91B76AC1000697018 /* LocationManagerModule.m */,
				799A0A9B1B7C16EA00445F21 /* MotionManagerModule.h */,
				799A0A9C1B7C16EA00445F21 /* MotionManagerModule.m */,
			);
			name = Services;
			sourceTree = "<group>";
		};
		79BF62311B626C9E00057140 /* AppDelegate */ = {
			isa = PBXGroup;
			children = (
				79DDAC9D1B619A03007AF94E /* AppDelegate.h */,
				79DDAC9E1B619A03007AF94E /* AppDelegate.m */,
			);
			name = AppDelegate;
			sourceTree = "<group>";
		};
		79BF62341B62732700057140 /* Model */ = {
			isa = PBXGroup;
			children = (
				79BF62351B62733900057140 /* YodiwoPlegmaApi */,
				7963DC061B667D5E00FDC59D /* SettingsVault.h */,
				7963DC071B667D5E00FDC59D /* SettingsVault.m */,
				797BF7161B723585008F2887 /* NodeThingsRegistry.h */,
				797BF7171B723585008F2887 /* NodeThingsRegistry.m */,
				7932E9AB1B777D4200697018 /* Beacon.h */,
				7932E9AC1B777D4200697018 /* Beacon.m */,
			);
			name = Model;
			sourceTree = "<group>";
		};
		79BF62351B62733900057140 /* YodiwoPlegmaApi */ = {
			isa = PBXGroup;
			children = (
				79BF62361B62734E00057140 /* NodePairing */,
				7952992D1B6D78C30065CAEC /* Thing.h */,
				7952992E1B6D78C30065CAEC /* Thing.m */,
				795299301B6D7D5B0065CAEC /* Public.h */,
				795299311B6D7D5B0065CAEC /* Public.m */,
				795299331B6D7E140065CAEC /* Port.h */,
				795299341B6D7E140065CAEC /* Port.m */,
				795299361B6E2ABB0065CAEC /* Keys.h */,
				795299371B6E2ABB0065CAEC /* Keys.m */,
				795299391B6E32560065CAEC /* YodiwoApi.h */,
				7932E9A51B742F7700697018 /* PlegmaApi.h */,
				7932E9A61B742F7700697018 /* PlegmaApi.m */,
				796970D81B9585EF00F70C7A /* Mqtt.h */,
				796970D91B9585EF00F70C7A /* Mqtt.m */,
			);
			name = YodiwoPlegmaApi;
			sourceTree = "<group>";
		};
		79BF62361B62734E00057140 /* NodePairing */ = {
			isa = PBXGroup;
			children = (
				79BF62371B6273FB00057140 /* YABPairingNodeGetTokensRequest.h */,
				79BF62381B6273FB00057140 /* YABPairingNodeGetTokensRequest.m */,
				7963DBF51B661D7900FDC59D /* YABPairingNodeGetKeysRequest.h */,
				7963DBF61B661D7900FDC59D /* YABPairingNodeGetKeysRequest.m */,
				7963DBF81B661DB000FDC59D /* YABPairingNodeResponsePhase1.h */,
				7963DBF91B661DB000FDC59D /* YABPairingNodeResponsePhase1.m */,
				7963DBFB1B661DD400FDC59D /* YABPairingServerResponseTokens.h */,
				7963DBFC1B661DD400FDC59D /* YABPairingServerResponseTokens.m */,
				7963DBFE1B661E0600FDC59D /* YABPairingServerResponseKeys.h */,
				7963DBFF1B661E0600FDC59D /* YABPairingServerResponseKeys.m */,
				7963DC011B6620E100FDC59D /* YABPairingStates.h */,
				7963DC051B665B9800FDC59D /* YABNodePairing.h */,
			);
			name = NodePairing;
			sourceTree = "<group>";
		};
		79DDAC8D1B619A03007AF94E = {
			isa = PBXGroup;
			children = (
				79DDAC981B619A03007AF94E /* YodiwoNode */,
				79DDACB21B619A03007AF94E /* YodiwoNodeTests */,
				79DDAC971B619A03007AF94E /* Products */,
				B1065FF4E060B34FAB7C6FEA /* Pods */,
				CC47299181308B7918886899 /* Frameworks */,
			);
			sourceTree = "<group>";
		};
		79DDAC971B619A03007AF94E /* Products */ = {
			isa = PBXGroup;
			children = (
				79DDAC961B619A03007AF94E /* YodiwoHub.app */,
				79DDACAF1B619A03007AF94E /* YodiwoHubTests.xctest */,
			);
			name = Products;
			sourceTree = "<group>";
		};
		79DDAC981B619A03007AF94E /* YodiwoNode */ = {
			isa = PBXGroup;
			children = (
				797BF7151B720F45008F2887 /* Services */,
				79BF62341B62732700057140 /* Model */,
				797BF7141B720430008F2887 /* View */,
				795299291B6BD7230065CAEC /* Controller */,
				79BF62311B626C9E00057140 /* AppDelegate */,
				79DDAC991B619A03007AF94E /* Supporting Files */,
				79BF62321B626D4000057140 /* Settings.bundle */,
			);
			path = YodiwoNode;
			sourceTree = "<group>";
		};
		79DDAC991B619A03007AF94E /* Supporting Files */ = {
			isa = PBXGroup;
			children = (
				79DDAC9A1B619A03007AF94E /* Info.plist */,
				79DDAC9B1B619A03007AF94E /* main.m */,
			);
			name = "Supporting Files";
			sourceTree = "<group>";
		};
		79DDACB21B619A03007AF94E /* YodiwoNodeTests */ = {
			isa = PBXGroup;
			children = (
				79DDACB51B619A03007AF94E /* YodiwoNodeTests.m */,
				79DDACB31B619A03007AF94E /* Supporting Files */,
			);
			path = YodiwoNodeTests;
			sourceTree = "<group>";
		};
		79DDACB31B619A03007AF94E /* Supporting Files */ = {
			isa = PBXGroup;
			children = (
				79DDACB41B619A03007AF94E /* Info.plist */,
			);
			name = "Supporting Files";
			sourceTree = "<group>";
		};
		B1065FF4E060B34FAB7C6FEA /* Pods */ = {
			isa = PBXGroup;
			children = (
				11CA6D3E941E0B309870317F /* Pods-YodiwoNode.debug.xcconfig */,
				C222B611F10FD8A3DD1E687E /* Pods-YodiwoNode.release.xcconfig */,
			);
			name = Pods;
			sourceTree = "<group>";
		};
		CC47299181308B7918886899 /* Frameworks */ = {
			isa = PBXGroup;
			children = (
				799A0A991B7B3FEA00445F21 /* MapKit.framework */,
				3619AFE9402CF79CB9F903E3 /* libPods-YodiwoNode.a */,
			);
			name = Frameworks;
			sourceTree = "<group>";
		};
/* End PBXGroup section */

/* Begin PBXNativeTarget section */
		79DDAC951B619A03007AF94E /* YodiwoHub */ = {
			isa = PBXNativeTarget;
			buildConfigurationList = 79DDACB91B619A03007AF94E /* Build configuration list for PBXNativeTarget "YodiwoHub" */;
			buildPhases = (
				D3815CF69F5A5DCA773B39C8 /* Check Pods Manifest.lock */,
				79DDAC921B619A03007AF94E /* Sources */,
				79DDAC931B619A03007AF94E /* Frameworks */,
				79DDAC941B619A03007AF94E /* Resources */,
				A328C03E137DCD74CE62A1CF /* Copy Pods Resources */,
			);
			buildRules = (
			);
			dependencies = (
			);
			name = YodiwoHub;
			productName = YodiwoNode;
			productReference = 79DDAC961B619A03007AF94E /* YodiwoHub.app */;
			productType = "com.apple.product-type.application";
		};
		79DDACAE1B619A03007AF94E /* YodiwoHubTests */ = {
			isa = PBXNativeTarget;
			buildConfigurationList = 79DDACBC1B619A03007AF94E /* Build configuration list for PBXNativeTarget "YodiwoHubTests" */;
			buildPhases = (
				79DDACAB1B619A03007AF94E /* Sources */,
				79DDACAC1B619A03007AF94E /* Frameworks */,
				79DDACAD1B619A03007AF94E /* Resources */,
			);
			buildRules = (
			);
			dependencies = (
				79DDACB11B619A03007AF94E /* PBXTargetDependency */,
			);
			name = YodiwoHubTests;
			productName = YodiwoNodeTests;
			productReference = 79DDACAF1B619A03007AF94E /* YodiwoHubTests.xctest */;
			productType = "com.apple.product-type.bundle.unit-test";
		};
/* End PBXNativeTarget section */

/* Begin PBXProject section */
		79DDAC8E1B619A03007AF94E /* Project object */ = {
			isa = PBXProject;
			attributes = {
				CLASSPREFIX = "";
				LastUpgradeCheck = 0620;
				ORGANIZATIONNAME = yodiwo;
				TargetAttributes = {
					79DDAC951B619A03007AF94E = {
						CreatedOnToolsVersion = 6.2;
						DevelopmentTeam = U3ZEKYYN36;
						SystemCapabilities = {
							com.apple.BackgroundModes = {
								enabled = 1;
							};
						};
					};
					79DDACAE1B619A03007AF94E = {
						CreatedOnToolsVersion = 6.2;
						TestTargetID = 79DDAC951B619A03007AF94E;
					};
				};
			};
			buildConfigurationList = 79DDAC911B619A03007AF94E /* Build configuration list for PBXProject "YodiwoHub" */;
			compatibilityVersion = "Xcode 3.2";
			developmentRegion = English;
			hasScannedForEncodings = 0;
			knownRegions = (
				en,
				Base,
			);
			mainGroup = 79DDAC8D1B619A03007AF94E;
			productRefGroup = 79DDAC971B619A03007AF94E /* Products */;
			projectDirPath = "";
			projectRoot = "";
			targets = (
				79DDAC951B619A03007AF94E /* YodiwoHub */,
				79DDACAE1B619A03007AF94E /* YodiwoHubTests */,
			);
		};
/* End PBXProject section */

/* Begin PBXResourcesBuildPhase section */
		79DDAC941B619A03007AF94E /* Resources */ = {
			isa = PBXResourcesBuildPhase;
			buildActionMask = 2147483647;
			files = (
				79BF62331B626D4000057140 /* Settings.bundle in Resources */,
				79DDACA51B619A03007AF94E /* Main.storyboard in Resources */,
				79DDACAA1B619A03007AF94E /* LaunchScreen.xib in Resources */,
				79DDACA71B619A03007AF94E /* Images.xcassets in Resources */,
			);
			runOnlyForDeploymentPostprocessing = 0;
		};
		79DDACAD1B619A03007AF94E /* Resources */ = {
			isa = PBXResourcesBuildPhase;
			buildActionMask = 2147483647;
			files = (
			);
			runOnlyForDeploymentPostprocessing = 0;
		};
/* End PBXResourcesBuildPhase section */

/* Begin PBXShellScriptBuildPhase section */
		A328C03E137DCD74CE62A1CF /* Copy Pods Resources */ = {
			isa = PBXShellScriptBuildPhase;
			buildActionMask = 2147483647;
			files = (
			);
			inputPaths = (
			);
			name = "Copy Pods Resources";
			outputPaths = (
			);
			runOnlyForDeploymentPostprocessing = 0;
			shellPath = /bin/sh;
			shellScript = "\"${SRCROOT}/Pods/Target Support Files/Pods-YodiwoNode/Pods-YodiwoNode-resources.sh\"\n";
			showEnvVarsInLog = 0;
		};
		D3815CF69F5A5DCA773B39C8 /* Check Pods Manifest.lock */ = {
			isa = PBXShellScriptBuildPhase;
			buildActionMask = 2147483647;
			files = (
			);
			inputPaths = (
			);
			name = "Check Pods Manifest.lock";
			outputPaths = (
			);
			runOnlyForDeploymentPostprocessing = 0;
			shellPath = /bin/sh;
			shellScript = "diff \"${PODS_ROOT}/../Podfile.lock\" \"${PODS_ROOT}/Manifest.lock\" > /dev/null\nif [[ $? != 0 ]] ; then\n    cat << EOM\nerror: The sandbox is not in sync with the Podfile.lock. Run 'pod install' or update your CocoaPods installation.\nEOM\n    exit 1\nfi\n";
			showEnvVarsInLog = 0;
		};
/* End PBXShellScriptBuildPhase section */

/* Begin PBXSourcesBuildPhase section */
		79DDAC921B619A03007AF94E /* Sources */ = {
			isa = PBXSourcesBuildPhase;
			buildActionMask = 2147483647;
			files = (
				795299351B6D7E140065CAEC /* Port.m in Sources */,
				7932E9A71B742F7700697018 /* PlegmaApi.m in Sources */,
				79DDAC9F1B619A03007AF94E /* AppDelegate.m in Sources */,
				79DBC8251B6A62640027B009 /* MqttClient.m in Sources */,
				7963DC081B667D5E00FDC59D /* SettingsVault.m in Sources */,
				795299281B6B8FB30065CAEC /* NodeThingsViewController.m in Sources */,
				7963DC041B66461100FDC59D /* NodePairingService.m in Sources */,
				7963DC001B661E0600FDC59D /* YABPairingServerResponseKeys.m in Sources */,
				7932E9AA1B76AC1000697018 /* LocationManagerModule.m in Sources */,
				7963DBF71B661D7900FDC59D /* YABPairingNodeGetKeysRequest.m in Sources */,
				7963DBFA1B661DB000FDC59D /* YABPairingNodeResponsePhase1.m in Sources */,
				799A0A9D1B7C16EA00445F21 /* MotionManagerModule.m in Sources */,
				795299321B6D7D5B0065CAEC /* Public.m in Sources */,
				797BF7131B6F987A008F2887 /* NodeController.m in Sources */,
				797BF7181B723585008F2887 /* NodeThingsRegistry.m in Sources */,
				7963DBF41B6541DA00FDC59D /* NodePairingViewController.m in Sources */,
				7963DBFD1B661DD400FDC59D /* YABPairingServerResponseTokens.m in Sources */,
				796970DA1B9585EF00F70C7A /* Mqtt.m in Sources */,
				7952992F1B6D78C30065CAEC /* Thing.m in Sources */,
				795299381B6E2ABB0065CAEC /* Keys.m in Sources */,
				7932E9AD1B777D4200697018 /* Beacon.m in Sources */,
				79DDAC9C1B619A03007AF94E /* main.m in Sources */,
				79BF62391B6273FB00057140 /* YABPairingNodeGetTokensRequest.m in Sources */,
			);
			runOnlyForDeploymentPostprocessing = 0;
		};
		79DDACAB1B619A03007AF94E /* Sources */ = {
			isa = PBXSourcesBuildPhase;
			buildActionMask = 2147483647;
			files = (
				79DDACB61B619A03007AF94E /* YodiwoNodeTests.m in Sources */,
			);
			runOnlyForDeploymentPostprocessing = 0;
		};
/* End PBXSourcesBuildPhase section */

/* Begin PBXTargetDependency section */
		79DDACB11B619A03007AF94E /* PBXTargetDependency */ = {
			isa = PBXTargetDependency;
			target = 79DDAC951B619A03007AF94E /* YodiwoHub */;
			targetProxy = 79DDACB01B619A03007AF94E /* PBXContainerItemProxy */;
		};
/* End PBXTargetDependency section */

/* Begin PBXVariantGroup section */
		79DDACA31B619A03007AF94E /* Main.storyboard */ = {
			isa = PBXVariantGroup;
			children = (
				79DDACA41B619A03007AF94E /* Base */,
			);
			name = Main.storyboard;
			sourceTree = "<group>";
		};
		79DDACA81B619A03007AF94E /* LaunchScreen.xib */ = {
			isa = PBXVariantGroup;
			children = (
				79DDACA91B619A03007AF94E /* Base */,
			);
			name = LaunchScreen.xib;
			sourceTree = "<group>";
		};
/* End PBXVariantGroup section */

/* Begin XCBuildConfiguration section */
		79DDACB71B619A03007AF94E /* Debug */ = {
			isa = XCBuildConfiguration;
			buildSettings = {
				ALWAYS_SEARCH_USER_PATHS = NO;
				CLANG_CXX_LANGUAGE_STANDARD = "gnu++0x";
				CLANG_CXX_LIBRARY = "libc++";
				CLANG_ENABLE_MODULES = YES;
				CLANG_ENABLE_OBJC_ARC = YES;
				CLANG_WARN_BOOL_CONVERSION = YES;
				CLANG_WARN_CONSTANT_CONVERSION = YES;
				CLANG_WARN_DIRECT_OBJC_ISA_USAGE = YES_ERROR;
				CLANG_WARN_EMPTY_BODY = YES;
				CLANG_WARN_ENUM_CONVERSION = YES;
				CLANG_WARN_INT_CONVERSION = YES;
				CLANG_WARN_OBJC_ROOT_CLASS = YES_ERROR;
				CLANG_WARN_UNREACHABLE_CODE = YES;
				CLANG_WARN__DUPLICATE_METHOD_MATCH = YES;
				"CODE_SIGN_IDENTITY[sdk=iphoneos*]" = "iPhone Developer";
				COPY_PHASE_STRIP = NO;
				ENABLE_STRICT_OBJC_MSGSEND = YES;
				GCC_C_LANGUAGE_STANDARD = gnu99;
				GCC_DYNAMIC_NO_PIC = NO;
				GCC_OPTIMIZATION_LEVEL = 0;
				GCC_PREPROCESSOR_DEFINITIONS = (
					"DEBUG=1",
					"$(inherited)",
				);
				GCC_SYMBOLS_PRIVATE_EXTERN = NO;
				GCC_WARN_64_TO_32_BIT_CONVERSION = YES;
				GCC_WARN_ABOUT_RETURN_TYPE = YES_ERROR;
				GCC_WARN_UNDECLARED_SELECTOR = YES;
				GCC_WARN_UNINITIALIZED_AUTOS = YES_AGGRESSIVE;
				GCC_WARN_UNUSED_FUNCTION = YES;
				GCC_WARN_UNUSED_VARIABLE = YES;
				IPHONEOS_DEPLOYMENT_TARGET = 8.0;
				MTL_ENABLE_DEBUG_INFO = YES;
				ONLY_ACTIVE_ARCH = YES;
				SDKROOT = iphoneos;
				TARGETED_DEVICE_FAMILY = "1,2";
			};
			name = Debug;
		};
		79DDACB81B619A03007AF94E /* Release */ = {
			isa = XCBuildConfiguration;
			buildSettings = {
				ALWAYS_SEARCH_USER_PATHS = NO;
				CLANG_CXX_LANGUAGE_STANDARD = "gnu++0x";
				CLANG_CXX_LIBRARY = "libc++";
				CLANG_ENABLE_MODULES = YES;
				CLANG_ENABLE_OBJC_ARC = YES;
				CLANG_WARN_BOOL_CONVERSION = YES;
				CLANG_WARN_CONSTANT_CONVERSION = YES;
				CLANG_WARN_DIRECT_OBJC_ISA_USAGE = YES_ERROR;
				CLANG_WARN_EMPTY_BODY = YES;
				CLANG_WARN_ENUM_CONVERSION = YES;
				CLANG_WARN_INT_CONVERSION = YES;
				CLANG_WARN_OBJC_ROOT_CLASS = YES_ERROR;
				CLANG_WARN_UNREACHABLE_CODE = YES;
				CLANG_WARN__DUPLICATE_METHOD_MATCH = YES;
				"CODE_SIGN_IDENTITY[sdk=iphoneos*]" = "iPhone Developer";
				COPY_PHASE_STRIP = NO;
				ENABLE_NS_ASSERTIONS = NO;
				ENABLE_STRICT_OBJC_MSGSEND = YES;
				GCC_C_LANGUAGE_STANDARD = gnu99;
				GCC_WARN_64_TO_32_BIT_CONVERSION = YES;
				GCC_WARN_ABOUT_RETURN_TYPE = YES_ERROR;
				GCC_WARN_UNDECLARED_SELECTOR = YES;
				GCC_WARN_UNINITIALIZED_AUTOS = YES_AGGRESSIVE;
				GCC_WARN_UNUSED_FUNCTION = YES;
				GCC_WARN_UNUSED_VARIABLE = YES;
				IPHONEOS_DEPLOYMENT_TARGET = 8.0;
				MTL_ENABLE_DEBUG_INFO = NO;
				SDKROOT = iphoneos;
				TARGETED_DEVICE_FAMILY = "1,2";
				VALIDATE_PRODUCT = YES;
			};
			name = Release;
		};
		79DDACBA1B619A03007AF94E /* Debug */ = {
			isa = XCBuildConfiguration;
			baseConfigurationReference = 11CA6D3E941E0B309870317F /* Pods-YodiwoNode.debug.xcconfig */;
			buildSettings = {
				ASSETCATALOG_COMPILER_APPICON_NAME = AppIcon;
				CODE_SIGN_IDENTITY = "iPhone Developer";
				"CODE_SIGN_IDENTITY[sdk=iphoneos*]" = "";
				INFOPLIST_FILE = YodiwoNode/Info.plist;
				IPHONEOS_DEPLOYMENT_TARGET = 8.0;
				LD_RUNPATH_SEARCH_PATHS = "$(inherited) @executable_path/Frameworks";
				PRODUCT_NAME = YodiwoHub;
				PROVISIONING_PROFILE = "6bf34440-1558-4fec-9a86-a5a080f3fed2";
			};
			name = Debug;
		};
		79DDACBB1B619A03007AF94E /* Release */ = {
			isa = XCBuildConfiguration;
			baseConfigurationReference = C222B611F10FD8A3DD1E687E /* Pods-YodiwoNode.release.xcconfig */;
			buildSettings = {
				ASSETCATALOG_COMPILER_APPICON_NAME = AppIcon;
				CODE_SIGN_IDENTITY = "iPhone Developer";
				"CODE_SIGN_IDENTITY[sdk=iphoneos*]" = "";
				INFOPLIST_FILE = YodiwoNode/Info.plist;
				IPHONEOS_DEPLOYMENT_TARGET = 8.0;
				LD_RUNPATH_SEARCH_PATHS = "$(inherited) @executable_path/Frameworks";
				PRODUCT_NAME = YodiwoHub;
				PROVISIONING_PROFILE = "6bf34440-1558-4fec-9a86-a5a080f3fed2";
			};
			name = Release;
		};
		79DDACBD1B619A03007AF94E /* Debug */ = {
			isa = XCBuildConfiguration;
			buildSettings = {
				BUNDLE_LOADER = "$(TEST_HOST)";
				FRAMEWORK_SEARCH_PATHS = (
					"$(SDKROOT)/Developer/Library/Frameworks",
					"$(inherited)",
				);
				GCC_PREPROCESSOR_DEFINITIONS = (
					"DEBUG=1",
					"$(inherited)",
				);
				INFOPLIST_FILE = YodiwoNodeTests/Info.plist;
				LD_RUNPATH_SEARCH_PATHS = "$(inherited) @executable_path/Frameworks @loader_path/Frameworks";
				PRODUCT_NAME = YodiwoHubTests;
				TEST_HOST = "$(BUILT_PRODUCTS_DIR)/YodiwoHub.app/YodiwoHub";
			};
			name = Debug;
		};
		79DDACBE1B619A03007AF94E /* Release */ = {
			isa = XCBuildConfiguration;
			buildSettings = {
				BUNDLE_LOADER = "$(TEST_HOST)";
				FRAMEWORK_SEARCH_PATHS = (
					"$(SDKROOT)/Developer/Library/Frameworks",
					"$(inherited)",
				);
				INFOPLIST_FILE = YodiwoNodeTests/Info.plist;
				LD_RUNPATH_SEARCH_PATHS = "$(inherited) @executable_path/Frameworks @loader_path/Frameworks";
				PRODUCT_NAME = YodiwoHubTests;
				TEST_HOST = "$(BUILT_PRODUCTS_DIR)/YodiwoHub.app/YodiwoHub";
			};
			name = Release;
		};
/* End XCBuildConfiguration section */

/* Begin XCConfigurationList section */
		79DDAC911B619A03007AF94E /* Build configuration list for PBXProject "YodiwoHub" */ = {
			isa = XCConfigurationList;
			buildConfigurations = (
				79DDACB71B619A03007AF94E /* Debug */,
				79DDACB81B619A03007AF94E /* Release */,
			);
			defaultConfigurationIsVisible = 0;
			defaultConfigurationName = Release;
		};
		79DDACB91B619A03007AF94E /* Build configuration list for PBXNativeTarget "YodiwoHub" */ = {
			isa = XCConfigurationList;
			buildConfigurations = (
				79DDACBA1B619A03007AF94E /* Debug */,
				79DDACBB1B619A03007AF94E /* Release */,
			);
			defaultConfigurationIsVisible = 0;
			defaultConfigurationName = Release;
		};
		79DDACBC1B619A03007AF94E /* Build configuration list for PBXNativeTarget "YodiwoHubTests" */ = {
			isa = XCConfigurationList;
			buildConfigurations = (
				79DDACBD1B619A03007AF94E /* Debug */,
				79DDACBE1B619A03007AF94E /* Release */,
			);
			defaultConfigurationIsVisible = 0;
			defaultConfigurationName = Release;
		};
/* End XCConfigurationList section */
	};
	rootObject = 79DDAC8E1B619A03007AF94E /* Project object */;
}
