
Microsoft Visual Studio Solution File, Format Version 12.00
# Visual Studio 15
VisualStudioVersion = 15.0.26228.9
MinimumVisualStudioVersion = 10.0.40219.1
Project("{8BC9CEB8-8B4A-11D0-8D11-00A0C91BC942}") = "Native", "Native\Native.vcxproj", "{360AF39D-33CC-4715-883D-48551801D460}"
EndProject
Global
	GlobalSection(SolutionConfigurationPlatforms) = preSolution
		Debug|ARM = Debug|ARM
		Debug|x64 = Debug|x64
		Debug|x86 = Debug|x86
		Release|ARM = Release|ARM
		Release|x64 = Release|x64
		Release|x86 = Release|x86
	EndGlobalSection
	GlobalSection(ProjectConfigurationPlatforms) = postSolution
		{360AF39D-33CC-4715-883D-48551801D460}.Debug|ARM.ActiveCfg = Debug|ARM
		{360AF39D-33CC-4715-883D-48551801D460}.Debug|ARM.Build.0 = Debug|ARM
		{360AF39D-33CC-4715-883D-48551801D460}.Debug|x64.ActiveCfg = Debug|x64
		{360AF39D-33CC-4715-883D-48551801D460}.Debug|x64.Build.0 = Debug|x64
		{360AF39D-33CC-4715-883D-48551801D460}.Debug|x86.ActiveCfg = Debug|x86
		{360AF39D-33CC-4715-883D-48551801D460}.Debug|x86.Build.0 = Debug|x86
		{360AF39D-33CC-4715-883D-48551801D460}.Release|ARM.ActiveCfg = Release|ARM
		{360AF39D-33CC-4715-883D-48551801D460}.Release|ARM.Build.0 = Release|ARM
		{360AF39D-33CC-4715-883D-48551801D460}.Release|x64.ActiveCfg = Release|x64
		{360AF39D-33CC-4715-883D-48551801D460}.Release|x64.Build.0 = Release|x64
		{360AF39D-33CC-4715-883D-48551801D460}.Release|x86.ActiveCfg = Release|x86
		{360AF39D-33CC-4715-883D-48551801D460}.Release|x86.Build.0 = Release|x86
	EndGlobalSection
	GlobalSection(SolutionProperties) = preSolution
		HideSolutionNode = FALSE
	EndGlobalSection
EndGlobal
