<?xml version="1.0" encoding="utf-8"?>
<Project ToolsVersion="4.0" xmlns="http://schemas.microsoft.com/developer/msbuild/2003">
  <ItemGroup>
    <Filter Include="Utilities">
      <UniqueIdentifier>{7c5e41d6-c56e-4549-8c96-a19df8661124}</UniqueIdentifier>
    </Filter>
  </ItemGroup>
  <ItemGroup>
    <ClCompile Include="Utilities\TraceSystem.cpp">
      <Filter>Utilities</Filter>
    </ClCompile>
    <ClCompile Include="Utilities\Time.cpp">
      <Filter>Utilities</Filter>
    </ClCompile>
    <ClCompile Include="Utilities\SettingsParser.cpp">
      <Filter>Utilities</Filter>
    </ClCompile>
    <ClCompile Include="Utilities\Filesystem.cpp">
      <Filter>Utilities</Filter>
    </ClCompile>
    <ClCompile Include="Utilities\String.cpp">
      <Filter>Utilities</Filter>
    </ClCompile>
    <ClCompile Include="Utilities\Vector.cpp">
      <Filter>Utilities</Filter>
    </ClCompile>
    <ClCompile Include="Main.cpp" />
    <ClCompile Include="Makefile" />
    <ClCompile Include="MsgQueue.cpp" />
    <ClCompile Include="Plugin.cpp" />
    <ClCompile Include="Plugin.Internal.cpp" />
  </ItemGroup>
  <ItemGroup>
    <ClInclude Include="Utilities\TraceSystem.hpp">
      <Filter>Utilities</Filter>
    </ClInclude>
    <ClInclude Include="Utilities\Macros.hpp">
      <Filter>Utilities</Filter>
    </ClInclude>
    <ClInclude Include="Utilities\Time.hpp">
      <Filter>Utilities</Filter>
    </ClInclude>
    <ClInclude Include="Utilities\Enumeration.hpp">
      <Filter>Utilities</Filter>
    </ClInclude>
    <ClInclude Include="Utilities\GenericException.hpp">
      <Filter>Utilities</Filter>
    </ClInclude>
    <ClInclude Include="Utilities\JsonSeriazable.hpp">
      <Filter>Utilities</Filter>
    </ClInclude>
    <ClInclude Include="Utilities\SettingsParser.hpp">
      <Filter>Utilities</Filter>
    </ClInclude>
    <ClInclude Include="Utilities\json.hpp">
      <Filter>Utilities</Filter>
    </ClInclude>
    <ClInclude Include="Utilities\Utilities.hpp">
      <Filter>Utilities</Filter>
    </ClInclude>
    <ClInclude Include="Utilities\Filesystem.hpp">
      <Filter>Utilities</Filter>
    </ClInclude>
    <ClInclude Include="Utilities\String.hpp">
      <Filter>Utilities</Filter>
    </ClInclude>
    <ClInclude Include="Utilities\Constants.hpp">
      <Filter>Utilities</Filter>
    </ClInclude>
    <ClInclude Include="Utilities\Vector.hpp">
      <Filter>Utilities</Filter>
    </ClInclude>
    <ClInclude Include="Plugin.hpp" />
    <ClInclude Include="MsgQueue.hpp" />
    <ClInclude Include="Plegma.hpp" />
  </ItemGroup>
</Project>