
Microsoft Visual Studio Solution File, Format Version 12.00
# Visual Studio 15
VisualStudioVersion = 15.0.26228.10
MinimumVisualStudioVersion = 10.0.40219.1
Project("{FAE04EC0-301F-11D3-BF4B-00C04F79EFBC}") = "Yodiwo.mNode", "mNodeCore\mNode\Yodiwo.mNode.csproj", "{A6763BAE-9AEC-4ABA-A4D1-66D0058E2481}"
EndProject
Project("{FAE04EC0-301F-11D3-BF4B-00C04F79EFBC}") = "Yodiwo.NodeLibrary", "mNodeCore\mNode\YodiwoProjects\Yodiwo.NodeLibrary\Yodiwo.NodeLibrary.csproj", "{8F830F7A-0A96-4329-847C-06B0A84BA4C4}"
EndProject
Project("{2150E333-8FDC-42A3-9474-1A3956D46DE8}") = "YodiwoProjects", "YodiwoProjects", "{FB615106-569F-4B4B-9B53-6069A9CDCCF8}"
EndProject
Project("{FAE04EC0-301F-11D3-BF4B-00C04F79EFBC}") = "Yodiwo.API.Logic", "mNodeCore\mNode\YodiwoProjects\Yodiwo.API.Logic\Yodiwo.API.Logic.csproj", "{3F252B6E-143D-49DC-AF08-FC2143662D01}"
EndProject
Project("{FAE04EC0-301F-11D3-BF4B-00C04F79EFBC}") = "Yodiwo.API.Warlock", "mNodeCore\mNode\YodiwoProjects\Yodiwo.API.Warlock\Yodiwo.API.Warlock.csproj", "{9CD81319-0106-436A-89A5-4416B762DA07}"
EndProject
Project("{FAE04EC0-301F-11D3-BF4B-00C04F79EFBC}") = "Yodiwo.API.Packages", "mNodeCore\mNode\YodiwoProjects\Yodiwo.API.Package\Yodiwo.API.Packages.csproj", "{153074D1-8C8F-4CB4-B18B-F80FF64513FF}"
EndProject
Project("{FAE04EC0-301F-11D3-BF4B-00C04F79EFBC}") = "Yodiwo.API.Warlock.Code", "mNodeCore\mNode\YodiwoProjects\Yodiwo.API.Warlock.Code\Yodiwo.API.Warlock.Code.csproj", "{4C83A476-3FDB-43E3-8DF7-CC911B633B0E}"
EndProject
Project("{FAE04EC0-301F-11D3-BF4B-00C04F79EFBC}") = "Yodiwo.mNode.Plugins.TestPlugin", "Plugins\TestPlugin\Yodiwo.mNode.Plugins.TestPlugin.csproj", "{D5E093C0-7DD8-482E-A63B-B3A4F12B5192}"
EndProject
Project("{2150E333-8FDC-42A3-9474-1A3956D46DE8}") = "Plugins", "Plugins", "{2D7FB04C-5D9A-467D-B524-F06A6F80F375}"
EndProject
Project("{FAE04EC0-301F-11D3-BF4B-00C04F79EFBC}") = "Yodiwo.mNode.Plugins.Samples_PInvoke", "Plugins\PInvoke\Yodiwo.mNode.Plugins.Samples_PInvoke.csproj", "{A733D88D-AD15-4BE9-B055-75AE4477D6EB}"
EndProject
Project("{FAE04EC0-301F-11D3-BF4B-00C04F79EFBC}") = "Yodiwo.mNode.Plugins.DevelopmentTools", "Plugins\DevelopmentTools\Yodiwo.mNode.Plugins.DevelopmentTools.csproj", "{F6F97FA5-2263-44F1-BF23-0C2048D52C83}"
EndProject
Project("{FAE04EC0-301F-11D3-BF4B-00C04F79EFBC}") = "YodiwoSharp", "mNodeCore\mNode\YodiwoProjects\YodiwoSharp\YodiwoSharp.csproj", "{8AE66ABD-D963-4E83-83A3-330156CD37A3}"
EndProject
Project("{FAE04EC0-301F-11D3-BF4B-00C04F79EFBC}") = "Yodiwo.YPChannel", "mNodeCore\mNode\YodiwoProjects\Yodiwo.YPChannel\Yodiwo.YPChannel.csproj", "{536FAA15-E738-445E-A2D8-EF989ACB2C7F}"
EndProject
Project("{FAE04EC0-301F-11D3-BF4B-00C04F79EFBC}") = "Yodiwo.API.Plegma.Code", "mNodeCore\mNode\YodiwoProjects\Yodiwo.API.Plegma.Code\Yodiwo.API.Plegma.Code.csproj", "{A753ABD7-A52D-4905-8137-A8772C448CBD}"
EndProject
Project("{FAE04EC0-301F-11D3-BF4B-00C04F79EFBC}") = "Yodiwo.API.Plegma", "mNodeCore\mNode\YodiwoProjects\Yodiwo.Api.Plegma\Yodiwo.API.Plegma.csproj", "{94F4CE90-200F-40CE-BF83-E15D147924F7}"
EndProject
Project("{FAE04EC0-301F-11D3-BF4B-00C04F79EFBC}") = "Yodiwo.mNode.Plugins.Integration_Flic", "Plugins\Flic.io\Yodiwo.mNode.Plugins.Integration_Flic.csproj", "{E2298E17-B87D-42E9-B86E-E99284D3BE99}"
EndProject
Project("{FAE04EC0-301F-11D3-BF4B-00C04F79EFBC}") = "Yodiwo.mNode.Plugins.Bridge_SerialPort", "Plugins\SerialPort\Yodiwo.mNode.Plugins.Bridge_SerialPort.csproj", "{7F17BD2D-9F8D-4199-BE4B-E9FF4B8CB317}"
EndProject
Project("{FAE04EC0-301F-11D3-BF4B-00C04F79EFBC}") = "Yodiwo.mNode.Plugins.Bridge_ZWave", "Plugins\ZWave\Yodiwo.mNode.Plugins.Bridge_ZWave.csproj", "{43397D02-F52F-4BB7-8BB6-9F80C6C3A729}"
EndProject
Global
	GlobalSection(SolutionConfigurationPlatforms) = preSolution
		Debug|Any CPU = Debug|Any CPU
		Release|Any CPU = Release|Any CPU
	EndGlobalSection
	GlobalSection(ProjectConfigurationPlatforms) = postSolution
		{A6763BAE-9AEC-4ABA-A4D1-66D0058E2481}.Debug|Any CPU.ActiveCfg = Debug|Any CPU
		{A6763BAE-9AEC-4ABA-A4D1-66D0058E2481}.Debug|Any CPU.Build.0 = Debug|Any CPU
		{A6763BAE-9AEC-4ABA-A4D1-66D0058E2481}.Release|Any CPU.ActiveCfg = Release|Any CPU
		{A6763BAE-9AEC-4ABA-A4D1-66D0058E2481}.Release|Any CPU.Build.0 = Release|Any CPU
		{8F830F7A-0A96-4329-847C-06B0A84BA4C4}.Debug|Any CPU.ActiveCfg = Debug|Any CPU
		{8F830F7A-0A96-4329-847C-06B0A84BA4C4}.Debug|Any CPU.Build.0 = Debug|Any CPU
		{8F830F7A-0A96-4329-847C-06B0A84BA4C4}.Release|Any CPU.ActiveCfg = Release|Any CPU
		{8F830F7A-0A96-4329-847C-06B0A84BA4C4}.Release|Any CPU.Build.0 = Release|Any CPU
		{3F252B6E-143D-49DC-AF08-FC2143662D01}.Debug|Any CPU.ActiveCfg = Debug|Any CPU
		{3F252B6E-143D-49DC-AF08-FC2143662D01}.Debug|Any CPU.Build.0 = Debug|Any CPU
		{3F252B6E-143D-49DC-AF08-FC2143662D01}.Release|Any CPU.ActiveCfg = Release|Any CPU
		{3F252B6E-143D-49DC-AF08-FC2143662D01}.Release|Any CPU.Build.0 = Release|Any CPU
		{9CD81319-0106-436A-89A5-4416B762DA07}.Debug|Any CPU.ActiveCfg = Debug|Any CPU
		{9CD81319-0106-436A-89A5-4416B762DA07}.Debug|Any CPU.Build.0 = Debug|Any CPU
		{9CD81319-0106-436A-89A5-4416B762DA07}.Release|Any CPU.ActiveCfg = Release|Any CPU
		{9CD81319-0106-436A-89A5-4416B762DA07}.Release|Any CPU.Build.0 = Release|Any CPU
		{153074D1-8C8F-4CB4-B18B-F80FF64513FF}.Debug|Any CPU.ActiveCfg = Debug|Any CPU
		{153074D1-8C8F-4CB4-B18B-F80FF64513FF}.Debug|Any CPU.Build.0 = Debug|Any CPU
		{153074D1-8C8F-4CB4-B18B-F80FF64513FF}.Release|Any CPU.ActiveCfg = Release|Any CPU
		{153074D1-8C8F-4CB4-B18B-F80FF64513FF}.Release|Any CPU.Build.0 = Release|Any CPU
		{4C83A476-3FDB-43E3-8DF7-CC911B633B0E}.Debug|Any CPU.ActiveCfg = Debug|Any CPU
		{4C83A476-3FDB-43E3-8DF7-CC911B633B0E}.Debug|Any CPU.Build.0 = Debug|Any CPU
		{4C83A476-3FDB-43E3-8DF7-CC911B633B0E}.Release|Any CPU.ActiveCfg = Release|Any CPU
		{4C83A476-3FDB-43E3-8DF7-CC911B633B0E}.Release|Any CPU.Build.0 = Release|Any CPU
		{D5E093C0-7DD8-482E-A63B-B3A4F12B5192}.Debug|Any CPU.ActiveCfg = Debug|Any CPU
		{D5E093C0-7DD8-482E-A63B-B3A4F12B5192}.Debug|Any CPU.Build.0 = Debug|Any CPU
		{D5E093C0-7DD8-482E-A63B-B3A4F12B5192}.Release|Any CPU.ActiveCfg = Release|Any CPU
		{D5E093C0-7DD8-482E-A63B-B3A4F12B5192}.Release|Any CPU.Build.0 = Release|Any CPU
		{A733D88D-AD15-4BE9-B055-75AE4477D6EB}.Debug|Any CPU.ActiveCfg = Debug|Any CPU
		{A733D88D-AD15-4BE9-B055-75AE4477D6EB}.Debug|Any CPU.Build.0 = Debug|Any CPU
		{A733D88D-AD15-4BE9-B055-75AE4477D6EB}.Release|Any CPU.ActiveCfg = Release|Any CPU
		{A733D88D-AD15-4BE9-B055-75AE4477D6EB}.Release|Any CPU.Build.0 = Release|Any CPU
		{F6F97FA5-2263-44F1-BF23-0C2048D52C83}.Debug|Any CPU.ActiveCfg = Debug|Any CPU
		{F6F97FA5-2263-44F1-BF23-0C2048D52C83}.Debug|Any CPU.Build.0 = Debug|Any CPU
		{F6F97FA5-2263-44F1-BF23-0C2048D52C83}.Release|Any CPU.ActiveCfg = Release|Any CPU
		{F6F97FA5-2263-44F1-BF23-0C2048D52C83}.Release|Any CPU.Build.0 = Release|Any CPU
		{8AE66ABD-D963-4E83-83A3-330156CD37A3}.Debug|Any CPU.ActiveCfg = Debug|Any CPU
		{8AE66ABD-D963-4E83-83A3-330156CD37A3}.Debug|Any CPU.Build.0 = Debug|Any CPU
		{8AE66ABD-D963-4E83-83A3-330156CD37A3}.Release|Any CPU.ActiveCfg = Release|Any CPU
		{8AE66ABD-D963-4E83-83A3-330156CD37A3}.Release|Any CPU.Build.0 = Release|Any CPU
		{536FAA15-E738-445E-A2D8-EF989ACB2C7F}.Debug|Any CPU.ActiveCfg = Debug|Any CPU
		{536FAA15-E738-445E-A2D8-EF989ACB2C7F}.Debug|Any CPU.Build.0 = Debug|Any CPU
		{536FAA15-E738-445E-A2D8-EF989ACB2C7F}.Release|Any CPU.ActiveCfg = Release|Any CPU
		{536FAA15-E738-445E-A2D8-EF989ACB2C7F}.Release|Any CPU.Build.0 = Release|Any CPU
		{A753ABD7-A52D-4905-8137-A8772C448CBD}.Debug|Any CPU.ActiveCfg = Debug|Any CPU
		{A753ABD7-A52D-4905-8137-A8772C448CBD}.Debug|Any CPU.Build.0 = Debug|Any CPU
		{A753ABD7-A52D-4905-8137-A8772C448CBD}.Release|Any CPU.ActiveCfg = Release|Any CPU
		{A753ABD7-A52D-4905-8137-A8772C448CBD}.Release|Any CPU.Build.0 = Release|Any CPU
		{94F4CE90-200F-40CE-BF83-E15D147924F7}.Debug|Any CPU.ActiveCfg = Debug|Any CPU
		{94F4CE90-200F-40CE-BF83-E15D147924F7}.Debug|Any CPU.Build.0 = Debug|Any CPU
		{94F4CE90-200F-40CE-BF83-E15D147924F7}.Release|Any CPU.ActiveCfg = Release|Any CPU
		{94F4CE90-200F-40CE-BF83-E15D147924F7}.Release|Any CPU.Build.0 = Release|Any CPU
		{E2298E17-B87D-42E9-B86E-E99284D3BE99}.Debug|Any CPU.ActiveCfg = Debug|Any CPU
		{E2298E17-B87D-42E9-B86E-E99284D3BE99}.Debug|Any CPU.Build.0 = Debug|Any CPU
		{E2298E17-B87D-42E9-B86E-E99284D3BE99}.Release|Any CPU.ActiveCfg = Release|Any CPU
		{E2298E17-B87D-42E9-B86E-E99284D3BE99}.Release|Any CPU.Build.0 = Release|Any CPU
		{7F17BD2D-9F8D-4199-BE4B-E9FF4B8CB317}.Debug|Any CPU.ActiveCfg = Debug|Any CPU
		{7F17BD2D-9F8D-4199-BE4B-E9FF4B8CB317}.Debug|Any CPU.Build.0 = Debug|Any CPU
		{7F17BD2D-9F8D-4199-BE4B-E9FF4B8CB317}.Release|Any CPU.ActiveCfg = Release|Any CPU
		{7F17BD2D-9F8D-4199-BE4B-E9FF4B8CB317}.Release|Any CPU.Build.0 = Release|Any CPU
		{43397D02-F52F-4BB7-8BB6-9F80C6C3A729}.Debug|Any CPU.ActiveCfg = Debug|Any CPU
		{43397D02-F52F-4BB7-8BB6-9F80C6C3A729}.Debug|Any CPU.Build.0 = Debug|Any CPU
		{43397D02-F52F-4BB7-8BB6-9F80C6C3A729}.Release|Any CPU.ActiveCfg = Release|Any CPU
		{43397D02-F52F-4BB7-8BB6-9F80C6C3A729}.Release|Any CPU.Build.0 = Release|Any CPU
	EndGlobalSection
	GlobalSection(SolutionProperties) = preSolution
		HideSolutionNode = FALSE
	EndGlobalSection
	GlobalSection(NestedProjects) = preSolution
		{8F830F7A-0A96-4329-847C-06B0A84BA4C4} = {FB615106-569F-4B4B-9B53-6069A9CDCCF8}
		{3F252B6E-143D-49DC-AF08-FC2143662D01} = {FB615106-569F-4B4B-9B53-6069A9CDCCF8}
		{9CD81319-0106-436A-89A5-4416B762DA07} = {FB615106-569F-4B4B-9B53-6069A9CDCCF8}
		{153074D1-8C8F-4CB4-B18B-F80FF64513FF} = {FB615106-569F-4B4B-9B53-6069A9CDCCF8}
		{4C83A476-3FDB-43E3-8DF7-CC911B633B0E} = {FB615106-569F-4B4B-9B53-6069A9CDCCF8}
		{D5E093C0-7DD8-482E-A63B-B3A4F12B5192} = {2D7FB04C-5D9A-467D-B524-F06A6F80F375}
		{A733D88D-AD15-4BE9-B055-75AE4477D6EB} = {2D7FB04C-5D9A-467D-B524-F06A6F80F375}
		{F6F97FA5-2263-44F1-BF23-0C2048D52C83} = {2D7FB04C-5D9A-467D-B524-F06A6F80F375}
		{8AE66ABD-D963-4E83-83A3-330156CD37A3} = {FB615106-569F-4B4B-9B53-6069A9CDCCF8}
		{536FAA15-E738-445E-A2D8-EF989ACB2C7F} = {FB615106-569F-4B4B-9B53-6069A9CDCCF8}
		{A753ABD7-A52D-4905-8137-A8772C448CBD} = {FB615106-569F-4B4B-9B53-6069A9CDCCF8}
		{94F4CE90-200F-40CE-BF83-E15D147924F7} = {FB615106-569F-4B4B-9B53-6069A9CDCCF8}
		{E2298E17-B87D-42E9-B86E-E99284D3BE99} = {2D7FB04C-5D9A-467D-B524-F06A6F80F375}
		{7F17BD2D-9F8D-4199-BE4B-E9FF4B8CB317} = {2D7FB04C-5D9A-467D-B524-F06A6F80F375}
		{43397D02-F52F-4BB7-8BB6-9F80C6C3A729} = {2D7FB04C-5D9A-467D-B524-F06A6F80F375}
	EndGlobalSection
EndGlobal
