
Microsoft Visual Studio Solution File, Format Version 12.00
# Visual Studio 14
VisualStudioVersion = 14.0.25420.1
MinimumVisualStudioVersion = 10.0.40219.1
Project("{FAE04EC0-301F-11D3-BF4B-00C04F79EFBC}") = "Yodiwo.mNode", "mNodeCore\mNode\Yodiwo.mNode.csproj", "{A6763BAE-9AEC-4ABA-A4D1-66D0058E2481}"
EndProject
Project("{FAE04EC0-301F-11D3-BF4B-00C04F79EFBC}") = "Yodiwo.NodeLibrary", "mNodeCore\mNode\YodiwoProjects\Yodiwo.NodeLibrary\Yodiwo.NodeLibrary.csproj", "{8F830F7A-0A96-4329-847C-06B0A84BA4C4}"
EndProject
Project("{FAE04EC0-301F-11D3-BF4B-00C04F79EFBC}") = "YodiwoSharp", "mNodeCore\mNode\YodiwoProjects\YodiwoSharp\YodiwoSharp\YodiwoSharp.csproj", "{8AE66ABD-D963-4E83-83A3-330156CD37A3}"
EndProject
Project("{2150E333-8FDC-42A3-9474-1A3956D46DE8}") = "YodiwoProjects", "YodiwoProjects", "{FB615106-569F-4B4B-9B53-6069A9CDCCF8}"
EndProject
Project("{FAE04EC0-301F-11D3-BF4B-00C04F79EFBC}") = "Yodiwo.API.Plegma", "mNodeCore\mNode\YodiwoProjects\Plegma\Yodiwo.API.Plegma.csproj", "{94F4CE90-200F-40CE-BF83-E15D147924F7}"
EndProject
Project("{FAE04EC0-301F-11D3-BF4B-00C04F79EFBC}") = "Yodiwo.API.Logic", "mNodeCore\mNode\YodiwoProjects\Yodiwo.API.Logic\Yodiwo.API.Logic.csproj", "{3F252B6E-143D-49DC-AF08-FC2143662D01}"
EndProject
Project("{FAE04EC0-301F-11D3-BF4B-00C04F79EFBC}") = "Yodiwo.API.Warlock", "mNodeCore\mNode\YodiwoProjects\Yodiwo.API.Warlock\Yodiwo.API.Warlock.csproj", "{9CD81319-0106-436A-89A5-4416B762DA07}"
EndProject
Project("{FAE04EC0-301F-11D3-BF4B-00C04F79EFBC}") = "Yodiwo.API.Packages", "mNodeCore\mNode\YodiwoProjects\Yodiwo.API.Package\Yodiwo.API.Packages.csproj", "{153074D1-8C8F-4CB4-B18B-F80FF64513FF}"
EndProject
Project("{FAE04EC0-301F-11D3-BF4B-00C04F79EFBC}") = "Yodiwo.API.Warlock.Code", "mNodeCore\mNode\YodiwoProjects\Yodiwo.API.Warlock.Code\Yodiwo.API.Warlock.Code.csproj", "{4C83A476-3FDB-43E3-8DF7-CC911B633B0E}"
EndProject
Project("{FAE04EC0-301F-11D3-BF4B-00C04F79EFBC}") = "Yodiwo.mNode.Plugins.TestPlugin", "Plugins\TestPlugin\Yodiwo.mNode.Plugins.TestPlugin.csproj", "{D5E093C0-7DD8-482E-A63B-B3A4F12B5192}"
EndProject
Project("{2150E333-8FDC-42A3-9474-1A3956D46DE8}") = "Plugins", "Plugins", "{2D7FB04C-5D9A-467D-B524-F06A6F80F375}"
EndProject
Global
	GlobalSection(SolutionConfigurationPlatforms) = preSolution
		Debug|Any CPU = Debug|Any CPU
		Release|Any CPU = Release|Any CPU
	EndGlobalSection
	GlobalSection(ProjectConfigurationPlatforms) = postSolution
		{A6763BAE-9AEC-4ABA-A4D1-66D0058E2481}.Debug|Any CPU.ActiveCfg = Debug|Any CPU
		{A6763BAE-9AEC-4ABA-A4D1-66D0058E2481}.Debug|Any CPU.Build.0 = Debug|Any CPU
		{A6763BAE-9AEC-4ABA-A4D1-66D0058E2481}.Release|Any CPU.ActiveCfg = Release|Any CPU
		{A6763BAE-9AEC-4ABA-A4D1-66D0058E2481}.Release|Any CPU.Build.0 = Release|Any CPU
		{8F830F7A-0A96-4329-847C-06B0A84BA4C4}.Debug|Any CPU.ActiveCfg = Debug|Any CPU
		{8F830F7A-0A96-4329-847C-06B0A84BA4C4}.Debug|Any CPU.Build.0 = Debug|Any CPU
		{8F830F7A-0A96-4329-847C-06B0A84BA4C4}.Release|Any CPU.ActiveCfg = Release|Any CPU
		{8F830F7A-0A96-4329-847C-06B0A84BA4C4}.Release|Any CPU.Build.0 = Release|Any CPU
		{8AE66ABD-D963-4E83-83A3-330156CD37A3}.Debug|Any CPU.ActiveCfg = Debug|Any CPU
		{8AE66ABD-D963-4E83-83A3-330156CD37A3}.Debug|Any CPU.Build.0 = Debug|Any CPU
		{8AE66ABD-D963-4E83-83A3-330156CD37A3}.Release|Any CPU.ActiveCfg = Release|Any CPU
		{8AE66ABD-D963-4E83-83A3-330156CD37A3}.Release|Any CPU.Build.0 = Release|Any CPU
		{94F4CE90-200F-40CE-BF83-E15D147924F7}.Debug|Any CPU.ActiveCfg = Debug|Any CPU
		{94F4CE90-200F-40CE-BF83-E15D147924F7}.Debug|Any CPU.Build.0 = Debug|Any CPU
		{94F4CE90-200F-40CE-BF83-E15D147924F7}.Release|Any CPU.ActiveCfg = Release|Any CPU
		{94F4CE90-200F-40CE-BF83-E15D147924F7}.Release|Any CPU.Build.0 = Release|Any CPU
		{3F252B6E-143D-49DC-AF08-FC2143662D01}.Debug|Any CPU.ActiveCfg = Debug|Any CPU
		{3F252B6E-143D-49DC-AF08-FC2143662D01}.Debug|Any CPU.Build.0 = Debug|Any CPU
		{3F252B6E-143D-49DC-AF08-FC2143662D01}.Release|Any CPU.ActiveCfg = Release|Any CPU
		{3F252B6E-143D-49DC-AF08-FC2143662D01}.Release|Any CPU.Build.0 = Release|Any CPU
		{9CD81319-0106-436A-89A5-4416B762DA07}.Debug|Any CPU.ActiveCfg = Debug|Any CPU
		{9CD81319-0106-436A-89A5-4416B762DA07}.Debug|Any CPU.Build.0 = Debug|Any CPU
		{9CD81319-0106-436A-89A5-4416B762DA07}.Release|Any CPU.ActiveCfg = Release|Any CPU
		{9CD81319-0106-436A-89A5-4416B762DA07}.Release|Any CPU.Build.0 = Release|Any CPU
		{153074D1-8C8F-4CB4-B18B-F80FF64513FF}.Debug|Any CPU.ActiveCfg = Debug|Any CPU
		{153074D1-8C8F-4CB4-B18B-F80FF64513FF}.Debug|Any CPU.Build.0 = Debug|Any CPU
		{153074D1-8C8F-4CB4-B18B-F80FF64513FF}.Release|Any CPU.ActiveCfg = Release|Any CPU
		{153074D1-8C8F-4CB4-B18B-F80FF64513FF}.Release|Any CPU.Build.0 = Release|Any CPU
		{4C83A476-3FDB-43E3-8DF7-CC911B633B0E}.Debug|Any CPU.ActiveCfg = Debug|Any CPU
		{4C83A476-3FDB-43E3-8DF7-CC911B633B0E}.Debug|Any CPU.Build.0 = Debug|Any CPU
		{4C83A476-3FDB-43E3-8DF7-CC911B633B0E}.Release|Any CPU.ActiveCfg = Release|Any CPU
		{4C83A476-3FDB-43E3-8DF7-CC911B633B0E}.Release|Any CPU.Build.0 = Release|Any CPU
		{D5E093C0-7DD8-482E-A63B-B3A4F12B5192}.Debug|Any CPU.ActiveCfg = Debug|Any CPU
		{D5E093C0-7DD8-482E-A63B-B3A4F12B5192}.Debug|Any CPU.Build.0 = Debug|Any CPU
		{D5E093C0-7DD8-482E-A63B-B3A4F12B5192}.Release|Any CPU.ActiveCfg = Release|Any CPU
		{D5E093C0-7DD8-482E-A63B-B3A4F12B5192}.Release|Any CPU.Build.0 = Release|Any CPU
	EndGlobalSection
	GlobalSection(SolutionProperties) = preSolution
		HideSolutionNode = FALSE
	EndGlobalSection
	GlobalSection(NestedProjects) = preSolution
		{8F830F7A-0A96-4329-847C-06B0A84BA4C4} = {FB615106-569F-4B4B-9B53-6069A9CDCCF8}
		{8AE66ABD-D963-4E83-83A3-330156CD37A3} = {FB615106-569F-4B4B-9B53-6069A9CDCCF8}
		{94F4CE90-200F-40CE-BF83-E15D147924F7} = {FB615106-569F-4B4B-9B53-6069A9CDCCF8}
		{3F252B6E-143D-49DC-AF08-FC2143662D01} = {FB615106-569F-4B4B-9B53-6069A9CDCCF8}
		{9CD81319-0106-436A-89A5-4416B762DA07} = {FB615106-569F-4B4B-9B53-6069A9CDCCF8}
		{153074D1-8C8F-4CB4-B18B-F80FF64513FF} = {FB615106-569F-4B4B-9B53-6069A9CDCCF8}
		{4C83A476-3FDB-43E3-8DF7-CC911B633B0E} = {FB615106-569F-4B4B-9B53-6069A9CDCCF8}
		{D5E093C0-7DD8-482E-A63B-B3A4F12B5192} = {2D7FB04C-5D9A-467D-B524-F06A6F80F375}
	EndGlobalSection
EndGlobal
